
Microsoft Visual Studio Solution File, Format Version 12.00
# Visual Studio Version 17
VisualStudioVersion = 17.5.33530.505
MinimumVisualStudioVersion = 10.0.40219.1
Project("{FAE04EC0-301F-11D3-BF4B-00C04F79EFBC}") = "FilmesAPI_Alura", "FilmesAPI_Alura.csproj", "{718881BA-80CE-4E96-A728-B87C391B062C}"
EndProject
Global
	GlobalSection(SolutionConfigurationPlatforms) = preSolution
		Debug|Any CPU = Debug|Any CPU
		Release|Any CPU = Release|Any CPU
	EndGlobalSection
	GlobalSection(ProjectConfigurationPlatforms) = postSolution
		{718881BA-80CE-4E96-A728-B87C391B062C}.Debug|Any CPU.ActiveCfg = Debug|Any CPU
		{718881BA-80CE-4E96-A728-B87C391B062C}.Debug|Any CPU.Build.0 = Debug|Any CPU
		{718881BA-80CE-4E96-A728-B87C391B062C}.Release|Any CPU.ActiveCfg = Release|Any CPU
		{718881BA-80CE-4E96-A728-B87C391B062C}.Release|Any CPU.Build.0 = Release|Any CPU
	EndGlobalSection
	GlobalSection(SolutionProperties) = preSolution
		HideSolutionNode = FALSE
	EndGlobalSection
	GlobalSection(ExtensibilityGlobals) = postSolution
		SolutionGuid = {3EE8B2B3-71E3-4AB6-A092-9D4E1CB5F68D}
	EndGlobalSection
EndGlobal
